
Microsoft Visual Studio Solution File, Format Version 12.00
# Visual Studio 15
VisualStudioVersion = 15.0.27428.2027
MinimumVisualStudioVersion = 10.0.40219.1
Project("{9A19103F-16F7-4668-BE54-9A1E7A4F7556}") = "DockerTest", "DockerTest\DockerTest.csproj", "{BB98F056-1E8A-497F-A053-AD3DDEF5D238}"
EndProject
Project("{E53339B2-1760-4266-BCC7-CA923CBCF16C}") = "docker-compose", "docker-compose.dcproj", "{554EC5B4-02F4-4241-A7AD-159B62BDB1F7}"
EndProject
Global
	GlobalSection(SolutionConfigurationPlatforms) = preSolution
		Debug|Any CPU = Debug|Any CPU
		Release|Any CPU = Release|Any CPU
	EndGlobalSection
	GlobalSection(ProjectConfigurationPlatforms) = postSolution
		{BB98F056-1E8A-497F-A053-AD3DDEF5D238}.Debug|Any CPU.ActiveCfg = Debug|Any CPU
		{BB98F056-1E8A-497F-A053-AD3DDEF5D238}.Debug|Any CPU.Build.0 = Debug|Any CPU
		{BB98F056-1E8A-497F-A053-AD3DDEF5D238}.Release|Any CPU.ActiveCfg = Release|Any CPU
		{BB98F056-1E8A-497F-A053-AD3DDEF5D238}.Release|Any CPU.Build.0 = Release|Any CPU
		{554EC5B4-02F4-4241-A7AD-159B62BDB1F7}.Debug|Any CPU.ActiveCfg = Debug|Any CPU
		{554EC5B4-02F4-4241-A7AD-159B62BDB1F7}.Debug|Any CPU.Build.0 = Debug|Any CPU
		{554EC5B4-02F4-4241-A7AD-159B62BDB1F7}.Release|Any CPU.ActiveCfg = Release|Any CPU
		{554EC5B4-02F4-4241-A7AD-159B62BDB1F7}.Release|Any CPU.Build.0 = Release|Any CPU
	EndGlobalSection
	GlobalSection(SolutionProperties) = preSolution
		HideSolutionNode = FALSE
	EndGlobalSection
	GlobalSection(ExtensibilityGlobals) = postSolution
		SolutionGuid = {7E659CBD-48C2-4B65-9D4B-2271A95C9EC1}
	EndGlobalSection
EndGlobal
